// !$*UTF8*$!
{
	archiveVersion = 1;
	classes = {
	};
	objectVersion = 50;
	objects = {

/* Begin PBXBuildFile section */
		3FC5983A2914DE7B00E34CCB /* AppDelegate.swift in Sources */ = {isa = PBXBuildFile; fileRef = 3FC598392914DE7B00E34CCB /* AppDelegate.swift */; };
		3FC5983C2914DE7B00E34CCB /* ViewController.swift in Sources */ = {isa = PBXBuildFile; fileRef = 3FC5983B2914DE7B00E34CCB /* ViewController.swift */; };
		3FC5983F2914DE7B00E34CCB /* Main.storyboard in Resources */ = {isa = PBXBuildFile; fileRef = 3FC5983D2914DE7B00E34CCB /* Main.storyboard */; };
		3FC598412914DE7C00E34CCB /* Assets.xcassets in Resources */ = {isa = PBXBuildFile; fileRef = 3FC598402914DE7C00E34CCB /* Assets.xcassets */; };
		3FC598442914DE7C00E34CCB /* LaunchScreen.storyboard in Resources */ = {isa = PBXBuildFile; fileRef = 3FC598422914DE7C00E34CCB /* LaunchScreen.storyboard */; };
		3FC5984F2914DE7C00E34CCB /* SelinaTests.swift in Sources */ = {isa = PBXBuildFile; fileRef = 3FC5984E2914DE7C00E34CCB /* SelinaTests.swift */; };
		3FC5985A2914DE7C00E34CCB /* SelinaUITests.swift in Sources */ = {isa = PBXBuildFile; fileRef = 3FC598592914DE7C00E34CCB /* SelinaUITests.swift */; };
/* End PBXBuildFile section */

/* Begin PBXContainerItemProxy section */
		3FC5984B2914DE7C00E34CCB /* PBXContainerItemProxy */ = {
			isa = PBXContainerItemProxy;
			containerPortal = 3FC5982E2914DE7B00E34CCB /* Project object */;
			proxyType = 1;
			remoteGlobalIDString = 3FC598352914DE7B00E34CCB;
			remoteInfo = Selina;
		};
		3FC598562914DE7C00E34CCB /* PBXContainerItemProxy */ = {
			isa = PBXContainerItemProxy;
			containerPortal = 3FC5982E2914DE7B00E34CCB /* Project object */;
			proxyType = 1;
			remoteGlobalIDString = 3FC598352914DE7B00E34CCB;
			remoteInfo = Selina;
		};
/* End PBXContainerItemProxy section */

/* Begin PBXFileReference section */
		3FC598362914DE7B00E34CCB /* Selina.app */ = {isa = PBXFileReference; explicitFileType = wrapper.application; includeInIndex = 0; path = Selina.app; sourceTree = BUILT_PRODUCTS_DIR; };
		3FC598392914DE7B00E34CCB /* AppDelegate.swift */ = {isa = PBXFileReference; lastKnownFileType = sourcecode.swift; path = AppDelegate.swift; sourceTree = "<group>"; };
		3FC5983B2914DE7B00E34CCB /* ViewController.swift */ = {isa = PBXFileReference; lastKnownFileType = sourcecode.swift; path = ViewController.swift; sourceTree = "<group>"; };
		3FC5983E2914DE7B00E34CCB /* Base */ = {isa = PBXFileReference; lastKnownFileType = file.storyboard; name = Base; path = Base.lproj/Main.storyboard; sourceTree = "<group>"; };
		3FC598402914DE7C00E34CCB /* Assets.xcassets */ = {isa = PBXFileReference; lastKnownFileType = folder.assetcatalog; path = Assets.xcassets; sourceTree = "<group>"; };
		3FC598432914DE7C00E34CCB /* Base */ = {isa = PBXFileReference; lastKnownFileType = file.storyboard; name = Base; path = Base.lproj/LaunchScreen.storyboard; sourceTree = "<group>"; };
		3FC598452914DE7C00E34CCB /* Info.plist */ = {isa = PBXFileReference; lastKnownFileType = text.plist.xml; path = Info.plist; sourceTree = "<group>"; };
		3FC5984A2914DE7C00E34CCB /* SelinaTests.xctest */ = {isa = PBXFileReference; explicitFileType = wrapper.cfbundle; includeInIndex = 0; path = SelinaTests.xctest; sourceTree = BUILT_PRODUCTS_DIR; };
		3FC5984E2914DE7C00E34CCB /* SelinaTests.swift */ = {isa = PBXFileReference; lastKnownFileType = sourcecode.swift; path = SelinaTests.swift; sourceTree = "<group>"; };
		3FC598502914DE7C00E34CCB /* Info.plist */ = {isa = PBXFileReference; lastKnownFileType = text.plist.xml; path = Info.plist; sourceTree = "<group>"; };
		3FC598552914DE7C00E34CCB /* SelinaUITests.xctest */ = {isa = PBXFileReference; explicitFileType = wrapper.cfbundle; includeInIndex = 0; path = SelinaUITests.xctest; sourceTree = BUILT_PRODUCTS_DIR; };
		3FC598592914DE7C00E34CCB /* SelinaUITests.swift */ = {isa = PBXFileReference; lastKnownFileType = sourcecode.swift; path = SelinaUITests.swift; sourceTree = "<group>"; };
		3FC5985B2914DE7C00E34CCB /* Info.plist */ = {isa = PBXFileReference; lastKnownFileType = text.plist.xml; path = Info.plist; sourceTree = "<group>"; };
/* End PBXFileReference section */

/* Begin PBXFrameworksBuildPhase section */
		3FC598332914DE7B00E34CCB /* Frameworks */ = {
			isa = PBXFrameworksBuildPhase;
			buildActionMask = 2147483647;
			files = (
			);
			runOnlyForDeploymentPostprocessing = 0;
		};
		3FC598472914DE7C00E34CCB /* Frameworks */ = {
			isa = PBXFrameworksBuildPhase;
			buildActionMask = 2147483647;
			files = (
			);
			runOnlyForDeploymentPostprocessing = 0;
		};
		3FC598522914DE7C00E34CCB /* Frameworks */ = {
			isa = PBXFrameworksBuildPhase;
			buildActionMask = 2147483647;
			files = (
			);
			runOnlyForDeploymentPostprocessing = 0;
		};
/* End PBXFrameworksBuildPhase section */

/* Begin PBXGroup section */
		3FC5982D2914DE7B00E34CCB = {
			isa = PBXGroup;
			children = (
				3FC598382914DE7B00E34CCB /* Selina */,
				3FC5984D2914DE7C00E34CCB /* SelinaTests */,
				3FC598582914DE7C00E34CCB /* SelinaUITests */,
				3FC598372914DE7B00E34CCB /* Products */,
			);
			sourceTree = "<group>";
		};
		3FC598372914DE7B00E34CCB /* Products */ = {
			isa = PBXGroup;
			children = (
				3FC598362914DE7B00E34CCB /* Selina.app */,
				3FC5984A2914DE7C00E34CCB /* SelinaTests.xctest */,
				3FC598552914DE7C00E34CCB /* SelinaUITests.xctest */,
			);
			name = Products;
			sourceTree = "<group>";
		};
		3FC598382914DE7B00E34CCB /* Selina */ = {
			isa = PBXGroup;
			children = (
				3FC598392914DE7B00E34CCB /* AppDelegate.swift */,
				3FC5983B2914DE7B00E34CCB /* ViewController.swift */,
				3FC5983D2914DE7B00E34CCB /* Main.storyboard */,
				3FC598402914DE7C00E34CCB /* Assets.xcassets */,
				3FC598422914DE7C00E34CCB /* LaunchScreen.storyboard */,
				3FC598452914DE7C00E34CCB /* Info.plist */,
			);
			path = Selina;
			sourceTree = "<group>";
		};
		3FC5984D2914DE7C00E34CCB /* SelinaTests */ = {
			isa = PBXGroup;
			children = (
				3FC5984E2914DE7C00E34CCB /* SelinaTests.swift */,
				3FC598502914DE7C00E34CCB /* Info.plist */,
			);
			path = SelinaTests;
			sourceTree = "<group>";
		};
		3FC598582914DE7C00E34CCB /* SelinaUITests */ = {
			isa = PBXGroup;
			children = (
				3FC598592914DE7C00E34CCB /* SelinaUITests.swift */,
				3FC5985B2914DE7C00E34CCB /* Info.plist */,
			);
			path = SelinaUITests;
			sourceTree = "<group>";
		};
/* End PBXGroup section */

/* Begin PBXNativeTarget section */
		3FC598352914DE7B00E34CCB /* Selina */ = {
			isa = PBXNativeTarget;
			buildConfigurationList = 3FC5985E2914DE7C00E34CCB /* Build configuration list for PBXNativeTarget "Selina" */;
			buildPhases = (
				3FC598322914DE7B00E34CCB /* Sources */,
				3FC598332914DE7B00E34CCB /* Frameworks */,
				3FC598342914DE7B00E34CCB /* Resources */,
			);
			buildRules = (
			);
			dependencies = (
			);
			name = Selina;
			productName = Selina;
			productReference = 3FC598362914DE7B00E34CCB /* Selina.app */;
			productType = "com.apple.product-type.application";
		};
		3FC598492914DE7C00E34CCB /* SelinaTests */ = {
			isa = PBXNativeTarget;
			buildConfigurationList = 3FC598612914DE7C00E34CCB /* Build configuration list for PBXNativeTarget "SelinaTests" */;
			buildPhases = (
				3FC598462914DE7C00E34CCB /* Sources */,
				3FC598472914DE7C00E34CCB /* Frameworks */,
				3FC598482914DE7C00E34CCB /* Resources */,
			);
			buildRules = (
			);
			dependencies = (
				3FC5984C2914DE7C00E34CCB /* PBXTargetDependency */,
			);
			name = SelinaTests;
			productName = SelinaTests;
			productReference = 3FC5984A2914DE7C00E34CCB /* SelinaTests.xctest */;
			productType = "com.apple.product-type.bundle.unit-test";
		};
		3FC598542914DE7C00E34CCB /* SelinaUITests */ = {
			isa = PBXNativeTarget;
			buildConfigurationList = 3FC598642914DE7C00E34CCB /* Build configuration list for PBXNativeTarget "SelinaUITests" */;
			buildPhases = (
				3FC598512914DE7C00E34CCB /* Sources */,
				3FC598522914DE7C00E34CCB /* Frameworks */,
				3FC598532914DE7C00E34CCB /* Resources */,
			);
			buildRules = (
			);
			dependencies = (
				3FC598572914DE7C00E34CCB /* PBXTargetDependency */,
			);
			name = SelinaUITests;
			productName = SelinaUITests;
			productReference = 3FC598552914DE7C00E34CCB /* SelinaUITests.xctest */;
			productType = "com.apple.product-type.bundle.ui-testing";
		};
/* End PBXNativeTarget section */

/* Begin PBXProject section */
		3FC5982E2914DE7B00E34CCB /* Project object */ = {
			isa = PBXProject;
			attributes = {
				LastSwiftUpdateCheck = 1010;
				LastUpgradeCheck = 1010;
				ORGANIZATIONNAME = LPUStudent;
				TargetAttributes = {
					3FC598352914DE7B00E34CCB = {
						CreatedOnToolsVersion = 10.1;
					};
					3FC598492914DE7C00E34CCB = {
						CreatedOnToolsVersion = 10.1;
						TestTargetID = 3FC598352914DE7B00E34CCB;
					};
					3FC598542914DE7C00E34CCB = {
						CreatedOnToolsVersion = 10.1;
						TestTargetID = 3FC598352914DE7B00E34CCB;
					};
				};
			};
			buildConfigurationList = 3FC598312914DE7B00E34CCB /* Build configuration list for PBXProject "Selina" */;
			compatibilityVersion = "Xcode 9.3";
			developmentRegion = en;
			hasScannedForEncodings = 0;
			knownRegions = (
				en,
				Base,
			);
			mainGroup = 3FC5982D2914DE7B00E34CCB;
			productRefGroup = 3FC598372914DE7B00E34CCB /* Products */;
			projectDirPath = "";
			projectRoot = "";
			targets = (
				3FC598352914DE7B00E34CCB /* Selina */,
				3FC598492914DE7C00E34CCB /* SelinaTests */,
				3FC598542914DE7C00E34CCB /* SelinaUITests */,
			);
		};
/* End PBXProject section */

/* Begin PBXResourcesBuildPhase section */
		3FC598342914DE7B00E34CCB /* Resources */ = {
			isa = PBXResourcesBuildPhase;
			buildActionMask = 2147483647;
			files = (
				3FC598442914DE7C00E34CCB /* LaunchScreen.storyboard in Resources */,
				3FC598412914DE7C00E34CCB /* Assets.xcassets in Resources */,
				3FC5983F2914DE7B00E34CCB /* Main.storyboard in Resources */,
			);
			runOnlyForDeploymentPostprocessing = 0;
		};
		3FC598482914DE7C00E34CCB /* Resources */ = {
			isa = PBXResourcesBuildPhase;
			buildActionMask = 2147483647;
			files = (
			);
			runOnlyForDeploymentPostprocessing = 0;
		};
		3FC598532914DE7C00E34CCB /* Resources */ = {
			isa = PBXResourcesBuildPhase;
			buildActionMask = 2147483647;
			files = (
			);
			runOnlyForDeploymentPostprocessing = 0;
		};
/* End PBXResourcesBuildPhase section */

/* Begin PBXSourcesBuildPhase section */
		3FC598322914DE7B00E34CCB /* Sources */ = {
			isa = PBXSourcesBuildPhase;
			buildActionMask = 2147483647;
			files = (
				3FC5983C2914DE7B00E34CCB /* ViewController.swift in Sources */,
				3FC5983A2914DE7B00E34CCB /* AppDelegate.swift in Sources */,
			);
			runOnlyForDeploymentPostprocessing = 0;
		};
		3FC598462914DE7C00E34CCB /* Sources */ = {
			isa = PBXSourcesBuildPhase;
			buildActionMask = 2147483647;
			files = (
				3FC5984F2914DE7C00E34CCB /* SelinaTests.swift in Sources */,
			);
			runOnlyForDeploymentPostprocessing = 0;
		};
		3FC598512914DE7C00E34CCB /* Sources */ = {
			isa = PBXSourcesBuildPhase;
			buildActionMask = 2147483647;
			files = (
				3FC5985A2914DE7C00E34CCB /* SelinaUITests.swift in Sources */,
			);
			runOnlyForDeploymentPostprocessing = 0;
		};
/* End PBXSourcesBuildPhase section */

/* Begin PBXTargetDependency section */
		3FC5984C2914DE7C00E34CCB /* PBXTargetDependency */ = {
			isa = PBXTargetDependency;
			target = 3FC598352914DE7B00E34CCB /* Selina */;
			targetProxy = 3FC5984B2914DE7C00E34CCB /* PBXContainerItemProxy */;
		};
		3FC598572914DE7C00E34CCB /* PBXTargetDependency */ = {
			isa = PBXTargetDependency;
			target = 3FC598352914DE7B00E34CCB /* Selina */;
			targetProxy = 3FC598562914DE7C00E34CCB /* PBXContainerItemProxy */;
		};
/* End PBXTargetDependency section */

/* Begin PBXVariantGroup section */
		3FC5983D2914DE7B00E34CCB /* Main.storyboard */ = {
			isa = PBXVariantGroup;
			children = (
				3FC5983E2914DE7B00E34CCB /* Base */,
			);
			name = Main.storyboard;
			sourceTree = "<group>";
		};
		3FC598422914DE7C00E34CCB /* LaunchScreen.storyboard */ = {
			isa = PBXVariantGroup;
			children = (
				3FC598432914DE7C00E34CCB /* Base */,
			);
			name = LaunchScreen.storyboard;
			sourceTree = "<group>";
		};
/* End PBXVariantGroup section */

/* Begin XCBuildConfiguration section */
		3FC5985C2914DE7C00E34CCB /* Debug */ = {
			isa = XCBuildConfiguration;
			buildSettings = {
				ALWAYS_SEARCH_USER_PATHS = NO;
				CLANG_ANALYZER_NONNULL = YES;
				CLANG_ANALYZER_NUMBER_OBJECT_CONVERSION = YES_AGGRESSIVE;
				CLANG_CXX_LANGUAGE_STANDARD = "gnu++14";
				CLANG_CXX_LIBRARY = "libc++";
				CLANG_ENABLE_MODULES = YES;
				CLANG_ENABLE_OBJC_ARC = YES;
				CLANG_ENABLE_OBJC_WEAK = YES;
				CLANG_WARN_BLOCK_CAPTURE_AUTORELEASING = YES;
				CLANG_WARN_BOOL_CONVERSION = YES;
				CLANG_WARN_COMMA = YES;
				CLANG_WARN_CONSTANT_CONVERSION = YES;
				CLANG_WARN_DEPRECATED_OBJC_IMPLEMENTATIONS = YES;
				CLANG_WARN_DIRECT_OBJC_ISA_USAGE = YES_ERROR;
				CLANG_WARN_DOCUMENTATION_COMMENTS = YES;
				CLANG_WARN_EMPTY_BODY = YES;
				CLANG_WARN_ENUM_CONVERSION = YES;
				CLANG_WARN_INFINITE_RECURSION = YES;
				CLANG_WARN_INT_CONVERSION = YES;
				CLANG_WARN_NON_LITERAL_NULL_CONVERSION = YES;
				CLANG_WARN_OBJC_IMPLICIT_RETAIN_SELF = YES;
				CLANG_WARN_OBJC_LITERAL_CONVERSION = YES;
				CLANG_WARN_OBJC_ROOT_CLASS = YES_ERROR;
				CLANG_WARN_RANGE_LOOP_ANALYSIS = YES;
				CLANG_WARN_STRICT_PROTOTYPES = YES;
				CLANG_WARN_SUSPICIOUS_MOVE = YES;
				CLANG_WARN_UNGUARDED_AVAILABILITY = YES_AGGRESSIVE;
				CLANG_WARN_UNREACHABLE_CODE = YES;
				CLANG_WARN__DUPLICATE_METHOD_MATCH = YES;
				CODE_SIGN_IDENTITY = "iPhone Developer";
				COPY_PHASE_STRIP = NO;
				DEBUG_INFORMATION_FORMAT = dwarf;
				ENABLE_STRICT_OBJC_MSGSEND = YES;
				ENABLE_TESTABILITY = YES;
				GCC_C_LANGUAGE_STANDARD = gnu11;
				GCC_DYNAMIC_NO_PIC = NO;
				GCC_NO_COMMON_BLOCKS = YES;
				GCC_OPTIMIZATION_LEVEL = 0;
				GCC_PREPROCESSOR_DEFINITIONS = (
					"DEBUG=1",
					"$(inherited)",
				);
				GCC_WARN_64_TO_32_BIT_CONVERSION = YES;
				GCC_WARN_ABOUT_RETURN_TYPE = YES_ERROR;
				GCC_WARN_UNDECLARED_SELECTOR = YES;
				GCC_WARN_UNINITIALIZED_AUTOS = YES_AGGRESSIVE;
				GCC_WARN_UNUSED_FUNCTION = YES;
				GCC_WARN_UNUSED_VARIABLE = YES;
				IPHONEOS_DEPLOYMENT_TARGET = 12.1;
				MTL_ENABLE_DEBUG_INFO = INCLUDE_SOURCE;
				MTL_FAST_MATH = YES;
				ONLY_ACTIVE_ARCH = YES;
				SDKROOT = iphoneos;
				SWIFT_ACTIVE_COMPILATION_CONDITIONS = DEBUG;
				SWIFT_OPTIMIZATION_LEVEL = "-Onone";
			};
			name = Debug;
		};
		3FC5985D2914DE7C00E34CCB /* Release */ = {
			isa = XCBuildConfiguration;
			buildSettings = {
				ALWAYS_SEARCH_USER_PATHS = NO;
				CLANG_ANALYZER_NONNULL = YES;
				CLANG_ANALYZER_NUMBER_OBJECT_CONVERSION = YES_AGGRESSIVE;
				CLANG_CXX_LANGUAGE_STANDARD = "gnu++14";
				CLANG_CXX_LIBRARY = "libc++";
				CLANG_ENABLE_MODULES = YES;
				CLANG_ENABLE_OBJC_ARC = YES;
				CLANG_ENABLE_OBJC_WEAK = YES;
				CLANG_WARN_BLOCK_CAPTURE_AUTORELEASING = YES;
				CLANG_WARN_BOOL_CONVERSION = YES;
				CLANG_WARN_COMMA = YES;
				CLANG_WARN_CONSTANT_CONVERSION = YES;
				CLANG_WARN_DEPRECATED_OBJC_IMPLEMENTATIONS = YES;
				CLANG_WARN_DIRECT_OBJC_ISA_USAGE = YES_ERROR;
				CLANG_WARN_DOCUMENTATION_COMMENTS = YES;
				CLANG_WARN_EMPTY_BODY = YES;
				CLANG_WARN_ENUM_CONVERSION = YES;
				CLANG_WARN_INFINITE_RECURSION = YES;
				CLANG_WARN_INT_CONVERSION = YES;
				CLANG_WARN_NON_LITERAL_NULL_CONVERSION = YES;
				CLANG_WARN_OBJC_IMPLICIT_RETAIN_SELF = YES;
				CLANG_WARN_OBJC_LITERAL_CONVERSION = YES;
				CLANG_WARN_OBJC_ROOT_CLASS = YES_ERROR;
				CLANG_WARN_RANGE_LOOP_ANALYSIS = YES;
				CLANG_WARN_STRICT_PROTOTYPES = YES;
				CLANG_WARN_SUSPICIOUS_MOVE = YES;
				CLANG_WARN_UNGUARDED_AVAILABILITY = YES_AGGRESSIVE;
				CLANG_WARN_UNREACHABLE_CODE = YES;
				CLANG_WARN__DUPLICATE_METHOD_MATCH = YES;
				CODE_SIGN_IDENTITY = "iPhone Developer";
				COPY_PHASE_STRIP = NO;
				DEBUG_INFORMATION_FORMAT = "dwarf-with-dsym";
				ENABLE_NS_ASSERTIONS = NO;
				ENABLE_STRICT_OBJC_MSGSEND = YES;
				GCC_C_LANGUAGE_STANDARD = gnu11;
				GCC_NO_COMMON_BLOCKS = YES;
				GCC_WARN_64_TO_32_BIT_CONVERSION = YES;
				GCC_WARN_ABOUT_RETURN_TYPE = YES_ERROR;
				GCC_WARN_UNDECLARED_SELECTOR = YES;
				GCC_WARN_UNINITIALIZED_AUTOS = YES_AGGRESSIVE;
				GCC_WARN_UNUSED_FUNCTION = YES;
				GCC_WARN_UNUSED_VARIABLE = YES;
				IPHONEOS_DEPLOYMENT_TARGET = 12.1;
				MTL_ENABLE_DEBUG_INFO = NO;
				MTL_FAST_MATH = YES;
				SDKROOT = iphoneos;
				SWIFT_COMPILATION_MODE = wholemodule;
				SWIFT_OPTIMIZATION_LEVEL = "-O";
				VALIDATE_PRODUCT = YES;
			};
			name = Release;
		};
		3FC5985F2914DE7C00E34CCB /* Debug */ = {
			isa = XCBuildConfiguration;
			buildSettings = {
				ASSETCATALOG_COMPILER_APPICON_NAME = AppIcon;
				CODE_SIGN_STYLE = Automatic;
				INFOPLIST_FILE = Selina/Info.plist;
				LD_RUNPATH_SEARCH_PATHS = (
					"$(inherited)",
					"@executable_path/Frameworks",
				);
				PRODUCT_BUNDLE_IDENTIFIER = LPU.Selina;
				PRODUCT_NAME = "$(TARGET_NAME)";
				SWIFT_VERSION = 4.2;
				TARGETED_DEVICE_FAMILY = "1,2";
			};
			name = Debug;
		};
		3FC598602914DE7C00E34CCB /* Release */ = {
			isa = XCBuildConfiguration;
			buildSettings = {
				ASSETCATALOG_COMPILER_APPICON_NAME = AppIcon;
				CODE_SIGN_STYLE = Automatic;
				INFOPLIST_FILE = Selina/Info.plist;
				LD_RUNPATH_SEARCH_PATHS = (
					"$(inherited)",
					"@executable_path/Frameworks",
				);
				PRODUCT_BUNDLE_IDENTIFIER = LPU.Selina;
				PRODUCT_NAME = "$(TARGET_NAME)";
				SWIFT_VERSION = 4.2;
				TARGETED_DEVICE_FAMILY = "1,2";
			};
			name = Release;
		};
		3FC598622914DE7C00E34CCB /* Debug */ = {
			isa = XCBuildConfiguration;
			buildSettings = {
				ALWAYS_EMBED_SWIFT_STANDARD_LIBRARIES = YES;
				BUNDLE_LOADER = "$(TEST_HOST)";
				CODE_SIGN_STYLE = Automatic;
				INFOPLIST_FILE = SelinaTests/Info.plist;
				LD_RUNPATH_SEARCH_PATHS = (
					"$(inherited)",
					"@executable_path/Frameworks",
					"@loader_path/Frameworks",
				);
				PRODUCT_BUNDLE_IDENTIFIER = LPU.SelinaTests;
				PRODUCT_NAME = "$(TARGET_NAME)";
				SWIFT_VERSION = 4.2;
				TARGETED_DEVICE_FAMILY = "1,2";
				TEST_HOST = "$(BUILT_PRODUCTS_DIR)/Selina.app/Selina";
			};
			name = Debug;
		};
		3FC598632914DE7C00E34CCB /* Release */ = {
			isa = XCBuildConfiguration;
			buildSettings = {
				ALWAYS_EMBED_SWIFT_STANDARD_LIBRARIES = YES;
				BUNDLE_LOADER = "$(TEST_HOST)";
				CODE_SIGN_STYLE = Automatic;
				INFOPLIST_FILE = SelinaTests/Info.plist;
				LD_RUNPATH_SEARCH_PATHS = (
					"$(inherited)",
					"@executable_path/Frameworks",
					"@loader_path/Frameworks",
				);
				PRODUCT_BUNDLE_IDENTIFIER = LPU.SelinaTests;
				PRODUCT_NAME = "$(TARGET_NAME)";
				SWIFT_VERSION = 4.2;
				TARGETED_DEVICE_FAMILY = "1,2";
				TEST_HOST = "$(BUILT_PRODUCTS_DIR)/Selina.app/Selina";
			};
			name = Release;
		};
		3FC598652914DE7C00E34CCB /* Debug */ = {
			isa = XCBuildConfiguration;
			buildSettings = {
				ALWAYS_EMBED_SWIFT_STANDARD_LIBRARIES = YES;
				CODE_SIGN_STYLE = Automatic;
				INFOPLIST_FILE = SelinaUITests/Info.plist;
				LD_RUNPATH_SEARCH_PATHS = (
					"$(inherited)",
					"@executable_path/Frameworks",
					"@loader_path/Frameworks",
				);
				PRODUCT_BUNDLE_IDENTIFIER = LPU.SelinaUITests;
				PRODUCT_NAME = "$(TARGET_NAME)";
				SWIFT_VERSION = 4.2;
				TARGETED_DEVICE_FAMILY = "1,2";
				TEST_TARGET_NAME = Selina;
			};
			name = Debug;
		};
		3FC598662914DE7C00E34CCB /* Release */ = {
			isa = XCBuildConfiguration;
			buildSettings = {
				ALWAYS_EMBED_SWIFT_STANDARD_LIBRARIES = YES;
				CODE_SIGN_STYLE = Automatic;
				INFOPLIST_FILE = SelinaUITests/Info.plist;
				LD_RUNPATH_SEARCH_PATHS = (
					"$(inherited)",
					"@executable_path/Frameworks",
					"@loader_path/Frameworks",
				);
				PRODUCT_BUNDLE_IDENTIFIER = LPU.SelinaUITests;
				PRODUCT_NAME = "$(TARGET_NAME)";
				SWIFT_VERSION = 4.2;
				TARGETED_DEVICE_FAMILY = "1,2";
				TEST_TARGET_NAME = Selina;
			};
			name = Release;
		};
/* End XCBuildConfiguration section */

/* Begin XCConfigurationList section */
		3FC598312914DE7B00E34CCB /* Build configuration list for PBXProject "Selina" */ = {
			isa = XCConfigurationList;
			buildConfigurations = (
				3FC5985C2914DE7C00E34CCB /* Debug */,
				3FC5985D2914DE7C00E34CCB /* Release */,
			);
			defaultConfigurationIsVisible = 0;
			defaultConfigurationName = Release;
		};
		3FC5985E2914DE7C00E34CCB /* Build configuration list for PBXNativeTarget "Selina" */ = {
			isa = XCConfigurationList;
			buildConfigurations = (
				3FC5985F2914DE7C00E34CCB /* Debug */,
				3FC598602914DE7C00E34CCB /* Release */,
			);
			defaultConfigurationIsVisible = 0;
			defaultConfigurationName = Release;
		};
		3FC598612914DE7C00E34CCB /* Build configuration list for PBXNativeTarget "SelinaTests" */ = {
			isa = XCConfigurationList;
			buildConfigurations = (
				3FC598622914DE7C00E34CCB /* Debug */,
				3FC598632914DE7C00E34CCB /* Release */,
			);
			defaultConfigurationIsVisible = 0;
			defaultConfigurationName = Release;
		};
		3FC598642914DE7C00E34CCB /* Build configuration list for PBXNativeTarget "SelinaUITests" */ = {
			isa = XCConfigurationList;
			buildConfigurations = (
				3FC598652914DE7C00E34CCB /* Debug */,
				3FC598662914DE7C00E34CCB /* Release */,
			);
			defaultConfigurationIsVisible = 0;
			defaultConfigurationName = Release;
		};
/* End XCConfigurationList section */
	};
	rootObject = 3FC5982E2914DE7B00E34CCB /* Project object */;
}
